# This file is automatically @generated by Cargo.
# It is not intended for manual editing.
version = 3

[[package]]
name = "autocfg"
version = "1.1.0"
source = "registry+https://github.com/rust-lang/crates.io-index"
checksum = "d468802bab17cbc0cc575e9b053f41e72aa36bfa6b7f55e3529ffa43161b97fa"

[[package]]
name = "irq_safety"
version = "0.1.1"
source = "git+https://github.com/theseus-os/irq_safety#4908fbb38aca1513572e0b4c7a98884390ef361a"
dependencies = [
 "owning_ref",
 "spin",
 "stable_deref_trait",
]

[[package]]
name = "lock_api"
version = "0.4.9"
source = "registry+https://github.com/rust-lang/crates.io-index"
checksum = "435011366fe56583b16cf956f9df0095b405b82d76425bc8981c0e22e60ec4df"
dependencies = [
 "autocfg",
 "scopeguard",
]

[[package]]
name = "lockable"
version = "0.1.0"
dependencies = [
 "irq_safety",
 "spin",
]

[[package]]
name = "owning_ref"
version = "0.4.1"
source = "git+https://github.com/theseus-os/owning-ref-rs.git#0d2dcdcffd75b80157d0e72fb82593a8696a9c49"
dependencies = [
 "spin",
 "stable_deref_trait",
]

[[package]]
name = "scopeguard"
version = "1.1.0"
source = "registry+https://github.com/rust-lang/crates.io-index"
checksum = "d29ab0c6d3fc0ee92fe66e2d99f700eab17a8d57d1c1d3b748380fb20baa78cd"

[[package]]
name = "spin"
version = "0.9.5"
source = "registry+https://github.com/rust-lang/crates.io-index"
checksum = "7dccf47db1b41fa1573ed27ccf5e08e3ca771cb994f776668c5ebda893b248fc"
dependencies = [
 "lock_api",
]

[[package]]
name = "stable_deref_trait"
version = "1.1.1"
source = "git+https://github.com/theseus-os/stable_deref_trait.git?branch=spin#e006c79280042e27c4f16c7d29633eb2273752ee"
dependencies = [
 "spin",
]
